
Microsoft Visual Studio Solution File, Format Version 12.00
# Visual Studio Version 17
VisualStudioVersion = 17.0.32002.185
MinimumVisualStudioVersion = 10.0.40219.1
Project("{9A19103F-16F7-4668-BE54-9A1E7A4F7556}") = "BinarySearch", "BinarySearch\BinarySearch.csproj", "{7AAEEDEB-F7E7-4C12-A6DB-7FA5E32E3B35}"
EndProject
Project("{9A19103F-16F7-4668-BE54-9A1E7A4F7556}") = "BubbleSort", "BubbleSort\BubbleSort.csproj", "{BDCD973A-2B88-4FF8-A048-06CEB0B3DF20}"
EndProject
Project("{9A19103F-16F7-4668-BE54-9A1E7A4F7556}") = "InsertionSort", "InsertionSort\InsertionSort.csproj", "{A9378922-E3B5-41C3-98F8-528FD12427FE}"
EndProject
Project("{9A19103F-16F7-4668-BE54-9A1E7A4F7556}") = "SelectionSort", "SelectionSort\SelectionSort.csproj", "{C11E2B70-B345-4FE9-96F8-AEEA4512A671}"
EndProject
Project("{9A19103F-16F7-4668-BE54-9A1E7A4F7556}") = "Stack", "Stack\Stack.csproj", "{D5DCE071-77FA-4C27-A097-7846D09A1C46}"
EndProject
Project("{9A19103F-16F7-4668-BE54-9A1E7A4F7556}") = "BuzzersGame", "BuzzersGame\BuzzersGame.csproj", "{FE7BCC16-F4DD-4200-B30E-4E430C5E05FF}"
EndProject
Project("{2150E333-8FDC-42A3-9474-1A3956D46DE8}") = "SortWithComplexity", "SortWithComplexity", "{C9E756B6-8777-4EC0-975E-87554B0BD9B7}"
EndProject
Project("{9A19103F-16F7-4668-BE54-9A1E7A4F7556}") = "SelectionSortWithComplexity", "SelectionSortWithComplexity\SelectionSortWithComplexity.csproj", "{FF7269A7-3119-4CA2-8717-05181CA7B384}"
EndProject
Project("{9A19103F-16F7-4668-BE54-9A1E7A4F7556}") = "InsertionSortWithComplexity", "InsertionSortWithComplexity\InsertionSortWithComplexity.csproj", "{4A324271-7DED-4829-ABD5-F010E048F92A}"
EndProject
Project("{9A19103F-16F7-4668-BE54-9A1E7A4F7556}") = "InsertionSortWith", "InsertionSortWith\InsertionSortWith.csproj", "{5085792C-C4B0-4421-9D1B-1F2708F7014B}"
EndProject
Project("{FAE04EC0-301F-11D3-BF4B-00C04F79EFBC}") = "BubbleSortWithComplexity", "BubbleSortWithComplexity\BubbleSortWithComplexity.csproj", "{077656BF-8826-4987-B051-225BA389B303}"
EndProject
Global
	GlobalSection(SolutionConfigurationPlatforms) = preSolution
		Debug|Any CPU = Debug|Any CPU
		Release|Any CPU = Release|Any CPU
	EndGlobalSection
	GlobalSection(ProjectConfigurationPlatforms) = postSolution
		{7AAEEDEB-F7E7-4C12-A6DB-7FA5E32E3B35}.Debug|Any CPU.ActiveCfg = Debug|Any CPU
		{7AAEEDEB-F7E7-4C12-A6DB-7FA5E32E3B35}.Debug|Any CPU.Build.0 = Debug|Any CPU
		{7AAEEDEB-F7E7-4C12-A6DB-7FA5E32E3B35}.Release|Any CPU.ActiveCfg = Release|Any CPU
		{7AAEEDEB-F7E7-4C12-A6DB-7FA5E32E3B35}.Release|Any CPU.Build.0 = Release|Any CPU
		{BDCD973A-2B88-4FF8-A048-06CEB0B3DF20}.Debug|Any CPU.ActiveCfg = Debug|Any CPU
		{BDCD973A-2B88-4FF8-A048-06CEB0B3DF20}.Debug|Any CPU.Build.0 = Debug|Any CPU
		{BDCD973A-2B88-4FF8-A048-06CEB0B3DF20}.Release|Any CPU.ActiveCfg = Release|Any CPU
		{BDCD973A-2B88-4FF8-A048-06CEB0B3DF20}.Release|Any CPU.Build.0 = Release|Any CPU
		{A9378922-E3B5-41C3-98F8-528FD12427FE}.Debug|Any CPU.ActiveCfg = Debug|Any CPU
		{A9378922-E3B5-41C3-98F8-528FD12427FE}.Debug|Any CPU.Build.0 = Debug|Any CPU
		{A9378922-E3B5-41C3-98F8-528FD12427FE}.Release|Any CPU.ActiveCfg = Release|Any CPU
		{A9378922-E3B5-41C3-98F8-528FD12427FE}.Release|Any CPU.Build.0 = Release|Any CPU
		{C11E2B70-B345-4FE9-96F8-AEEA4512A671}.Debug|Any CPU.ActiveCfg = Debug|Any CPU
		{C11E2B70-B345-4FE9-96F8-AEEA4512A671}.Debug|Any CPU.Build.0 = Debug|Any CPU
		{C11E2B70-B345-4FE9-96F8-AEEA4512A671}.Release|Any CPU.ActiveCfg = Release|Any CPU
		{C11E2B70-B345-4FE9-96F8-AEEA4512A671}.Release|Any CPU.Build.0 = Release|Any CPU
		{D5DCE071-77FA-4C27-A097-7846D09A1C46}.Debug|Any CPU.ActiveCfg = Debug|Any CPU
		{D5DCE071-77FA-4C27-A097-7846D09A1C46}.Debug|Any CPU.Build.0 = Debug|Any CPU
		{D5DCE071-77FA-4C27-A097-7846D09A1C46}.Release|Any CPU.ActiveCfg = Release|Any CPU
		{D5DCE071-77FA-4C27-A097-7846D09A1C46}.Release|Any CPU.Build.0 = Release|Any CPU
		{FE7BCC16-F4DD-4200-B30E-4E430C5E05FF}.Debug|Any CPU.ActiveCfg = Debug|Any CPU
		{FE7BCC16-F4DD-4200-B30E-4E430C5E05FF}.Debug|Any CPU.Build.0 = Debug|Any CPU
		{FE7BCC16-F4DD-4200-B30E-4E430C5E05FF}.Release|Any CPU.ActiveCfg = Release|Any CPU
		{FE7BCC16-F4DD-4200-B30E-4E430C5E05FF}.Release|Any CPU.Build.0 = Release|Any CPU
		{FF7269A7-3119-4CA2-8717-05181CA7B384}.Debug|Any CPU.ActiveCfg = Debug|Any CPU
		{FF7269A7-3119-4CA2-8717-05181CA7B384}.Debug|Any CPU.Build.0 = Debug|Any CPU
		{FF7269A7-3119-4CA2-8717-05181CA7B384}.Release|Any CPU.ActiveCfg = Release|Any CPU
		{FF7269A7-3119-4CA2-8717-05181CA7B384}.Release|Any CPU.Build.0 = Release|Any CPU
		{4A324271-7DED-4829-ABD5-F010E048F92A}.Debug|Any CPU.ActiveCfg = Debug|Any CPU
		{4A324271-7DED-4829-ABD5-F010E048F92A}.Debug|Any CPU.Build.0 = Debug|Any CPU
		{4A324271-7DED-4829-ABD5-F010E048F92A}.Release|Any CPU.ActiveCfg = Release|Any CPU
		{4A324271-7DED-4829-ABD5-F010E048F92A}.Release|Any CPU.Build.0 = Release|Any CPU
		{5085792C-C4B0-4421-9D1B-1F2708F7014B}.Debug|Any CPU.ActiveCfg = Debug|Any CPU
		{5085792C-C4B0-4421-9D1B-1F2708F7014B}.Debug|Any CPU.Build.0 = Debug|Any CPU
		{5085792C-C4B0-4421-9D1B-1F2708F7014B}.Release|Any CPU.ActiveCfg = Release|Any CPU
		{5085792C-C4B0-4421-9D1B-1F2708F7014B}.Release|Any CPU.Build.0 = Release|Any CPU
		{077656BF-8826-4987-B051-225BA389B303}.Debug|Any CPU.ActiveCfg = Debug|Any CPU
		{077656BF-8826-4987-B051-225BA389B303}.Debug|Any CPU.Build.0 = Debug|Any CPU
		{077656BF-8826-4987-B051-225BA389B303}.Release|Any CPU.ActiveCfg = Release|Any CPU
		{077656BF-8826-4987-B051-225BA389B303}.Release|Any CPU.Build.0 = Release|Any CPU
	EndGlobalSection
	GlobalSection(SolutionProperties) = preSolution
		HideSolutionNode = FALSE
	EndGlobalSection
	GlobalSection(NestedProjects) = preSolution
		{FF7269A7-3119-4CA2-8717-05181CA7B384} = {C9E756B6-8777-4EC0-975E-87554B0BD9B7}
		{4A324271-7DED-4829-ABD5-F010E048F92A} = {C9E756B6-8777-4EC0-975E-87554B0BD9B7}
		{5085792C-C4B0-4421-9D1B-1F2708F7014B} = {C9E756B6-8777-4EC0-975E-87554B0BD9B7}
		{077656BF-8826-4987-B051-225BA389B303} = {C9E756B6-8777-4EC0-975E-87554B0BD9B7}
	EndGlobalSection
	GlobalSection(ExtensibilityGlobals) = postSolution
		SolutionGuid = {BD9E78AE-680A-4395-B6D9-669B15ABA4DD}
	EndGlobalSection
EndGlobal
